
Microsoft Visual Studio Solution File, Format Version 12.00
# Visual Studio Version 16
VisualStudioVersion = 16.0.32630.194
MinimumVisualStudioVersion = 10.0.40219.1
Project("{FAE04EC0-301F-11D3-BF4B-00C04F79EFBC}") = "FinalMarzo", "FinalMarzo.csproj", "{31C893A1-6AD0-44F7-A04D-7353B14B819C}"
EndProject
Global
	GlobalSection(SolutionConfigurationPlatforms) = preSolution
		Debug|Any CPU = Debug|Any CPU
		Release|Any CPU = Release|Any CPU
	EndGlobalSection
	GlobalSection(ProjectConfigurationPlatforms) = postSolution
		{31C893A1-6AD0-44F7-A04D-7353B14B819C}.Debug|Any CPU.ActiveCfg = Debug|Any CPU
		{31C893A1-6AD0-44F7-A04D-7353B14B819C}.Debug|Any CPU.Build.0 = Debug|Any CPU
		{31C893A1-6AD0-44F7-A04D-7353B14B819C}.Release|Any CPU.ActiveCfg = Release|Any CPU
		{31C893A1-6AD0-44F7-A04D-7353B14B819C}.Release|Any CPU.Build.0 = Release|Any CPU
	EndGlobalSection
	GlobalSection(SolutionProperties) = preSolution
		HideSolutionNode = FALSE
	EndGlobalSection
	GlobalSection(ExtensibilityGlobals) = postSolution
		SolutionGuid = {12E827CD-9A5E-456A-A5F0-8D922E2D6345}
	EndGlobalSection
EndGlobal
